Microsoft Visual Studio Solution File, Format Version 12.00
# Visual Studio Version 17
VisualStudioVersion = 17.5.2.0
MinimumVisualStudioVersion = 10.0.40219.1
Project("{FAE04EC0-301F-11D3-BF4B-00C04F79EFBC}") = "BarcodeGenerator", "BarcodeGenerator\BarcodeGenerator.csproj", "{50F984FB-4721-EDD8-176C-DE61430C26B4}"
EndProject
Global
	GlobalSection(SolutionConfigurationPlatforms) = preSolution
		Debug|Any CPU = Debug|Any CPU
		Release|Any CPU = Release|Any CPU
	EndGlobalSection
	GlobalSection(ProjectConfigurationPlatforms) = postSolution
		{50F984FB-4721-EDD8-176C-DE61430C26B4}.Debug|Any CPU.ActiveCfg = Debug|Any CPU
		{50F984FB-4721-EDD8-176C-DE61430C26B4}.Debug|Any CPU.Build.0 = Debug|Any CPU
		{50F984FB-4721-EDD8-176C-DE61430C26B4}.Release|Any CPU.ActiveCfg = Release|Any CPU
		{50F984FB-4721-EDD8-176C-DE61430C26B4}.Release|Any CPU.Build.0 = Release|Any CPU
	EndGlobalSection
	GlobalSection(SolutionProperties) = preSolution
		HideSolutionNode = FALSE
	EndGlobalSection
	GlobalSection(ExtensibilityGlobals) = postSolution
		SolutionGuid = {F6170758-6A06-41E7-A907-32DFF6B72321}
	EndGlobalSection
EndGlobal
